
Microsoft Visual Studio Solution File, Format Version 12.00
# Visual Studio Version 17
VisualStudioVersion = 17.3.32825.248
MinimumVisualStudioVersion = 10.0.40219.1
Project("{FAE04EC0-301F-11D3-BF4B-00C04F79EFBC}") = "DanielSS", "DanielSS\DanielSS.csproj", "{91DC452E-1E6D-45EC-B85C-8471CB152095}"
EndProject
Global
	GlobalSection(SolutionConfigurationPlatforms) = preSolution
		Debug|Any CPU = Debug|Any CPU
		Release|Any CPU = Release|Any CPU
	EndGlobalSection
	GlobalSection(ProjectConfigurationPlatforms) = postSolution
		{91DC452E-1E6D-45EC-B85C-8471CB152095}.Debug|Any CPU.ActiveCfg = Debug|Any CPU
		{91DC452E-1E6D-45EC-B85C-8471CB152095}.Debug|Any CPU.Build.0 = Debug|Any CPU
		{91DC452E-1E6D-45EC-B85C-8471CB152095}.Release|Any CPU.ActiveCfg = Release|Any CPU
		{91DC452E-1E6D-45EC-B85C-8471CB152095}.Release|Any CPU.Build.0 = Release|Any CPU
	EndGlobalSection
	GlobalSection(SolutionProperties) = preSolution
		HideSolutionNode = FALSE
	EndGlobalSection
	GlobalSection(ExtensibilityGlobals) = postSolution
		SolutionGuid = {D304245D-3CD4-4FFD-BBB6-CA8D6BE69057}
	EndGlobalSection
EndGlobal
